{
  "lockfile_version": "1",
  "packages": {
    "atuin@latest": {
      "last_modified": "2023-05-01T16:53:22Z",
      "resolved": "github:NixOS/nixpkgs/8670e496ffd093b60e74e7fa53526aa5920d09eb#atuin",
      "version": "14.0.1"
    },
    "bash-preexec@latest": {
      "last_modified": "2023-05-01T16:53:22Z",
      "resolved": "github:NixOS/nixpkgs/8670e496ffd093b60e74e7fa53526aa5920d09eb#bash-preexec",
      "version": "0.5.0"
    },
    "bat@latest": {
      "last_modified": "2023-05-01T16:53:22Z",
      "resolved": "github:NixOS/nixpkgs/8670e496ffd093b60e74e7fa53526aa5920d09eb#bat",
      "version": "0.23.0"
    },
    "btop@latest": {
      "last_modified": "2023-05-01T16:53:22Z",
      "resolved": "github:NixOS/nixpkgs/8670e496ffd093b60e74e7fa53526aa5920d09eb#btop",
      "version": "1.2.13"
    },
    "cheat@latest": {
      "last_modified": "2023-05-01T16:53:22Z",
      "resolved": "github:NixOS/nixpkgs/8670e496ffd093b60e74e7fa53526aa5920d09eb#cheat",
      "version": "4.4.0"
    },
    "direnv@latest": {
      "last_modified": "2023-05-01T16:53:22Z",
      "resolved": "github:NixOS/nixpkgs/8670e496ffd093b60e74e7fa53526aa5920d09eb#direnv",
      "version": "2.32.2"
    },
    "exa@latest": {
      "last_modified": "2023-05-01T16:53:22Z",
      "resolved": "github:NixOS/nixpkgs/8670e496ffd093b60e74e7fa53526aa5920d09eb#exa",
      "version": "0.10.1"
    },
    "fzf@latest": {
      "last_modified": "2023-05-01T16:53:22Z",
      "resolved": "github:NixOS/nixpkgs/8670e496ffd093b60e74e7fa53526aa5920d09eb#fzf",
      "version": "0.40.0"
    },
    "git@latest": {
      "last_modified": "2023-05-01T16:53:22Z",
      "resolved": "github:NixOS/nixpkgs/8670e496ffd093b60e74e7fa53526aa5920d09eb#git",
      "version": "2.40.1"
    },
    "github-cli": {
      "resolved": "github:NixOS/nixpkgs/f80ac848e3d6f0c12c52758c0f25c10c97ca3b62#github-cli"
    },
    "glab": {
      "resolved": "github:NixOS/nixpkgs/f80ac848e3d6f0c12c52758c0f25c10c97ca3b62#glab"
    },
    "htop@latest": {
      "last_modified": "2023-05-01T16:53:22Z",
      "resolved": "github:NixOS/nixpkgs/8670e496ffd093b60e74e7fa53526aa5920d09eb#htop",
      "version": "3.2.2"
    },
    "jq@latest": {
      "last_modified": "2023-05-01T16:53:22Z",
      "resolved": "github:NixOS/nixpkgs/8670e496ffd093b60e74e7fa53526aa5920d09eb#jq",
      "version": "1.6"
    },
    "lazygit@latest": {
      "last_modified": "2023-05-01T16:53:22Z",
      "resolved": "github:NixOS/nixpkgs/8670e496ffd093b60e74e7fa53526aa5920d09eb#lazygit",
      "version": "0.37.0"
    },
    "neofetch@latest": {
      "last_modified": "2023-05-01T16:53:22Z",
      "resolved": "github:NixOS/nixpkgs/8670e496ffd093b60e74e7fa53526aa5920d09eb#neofetch",
      "version": "2021-12-10"
    },
    "neovim@latest": {
      "last_modified": "2023-05-01T16:53:22Z",
      "resolved": "github:NixOS/nixpkgs/8670e496ffd093b60e74e7fa53526aa5920d09eb#neovim",
      "version": "0.9.0"
    },
    "nodejs@latest": {
      "last_modified": "2023-05-01T16:53:22Z",
      "resolved": "github:NixOS/nixpkgs/8670e496ffd093b60e74e7fa53526aa5920d09eb#nodejs_20",
      "version": "20.0.0"
    },
    "python3Full": {
      "plugin_version": "0.0.1",
      "resolved": "github:NixOS/nixpkgs/f80ac848e3d6f0c12c52758c0f25c10c97ca3b62#python3Full"
    },
    "ripgrep@latest": {
      "last_modified": "2023-05-01T16:53:22Z",
      "resolved": "github:NixOS/nixpkgs/8670e496ffd093b60e74e7fa53526aa5920d09eb#ripgrep",
      "version": "13.0.0"
    },
    "starship@latest": {
      "last_modified": "2023-05-01T16:53:22Z",
      "resolved": "github:NixOS/nixpkgs/8670e496ffd093b60e74e7fa53526aa5920d09eb#starship",
      "version": "1.14.2"
    },
    "tree-sitter@latest": {
      "last_modified": "2023-05-01T16:53:22Z",
      "resolved": "github:NixOS/nixpkgs/8670e496ffd093b60e74e7fa53526aa5920d09eb#tree-sitter",
      "version": "0.20.8"
    },
    "vscode@latest": {
      "last_modified": "2023-05-01T16:53:22Z",
      "resolved": "github:NixOS/nixpkgs/8670e496ffd093b60e74e7fa53526aa5920d09eb#vscode",
      "version": "1.77.3"
    },
    "yq@latest": {
      "last_modified": "2023-05-01T16:53:22Z",
      "resolved": "github:NixOS/nixpkgs/8670e496ffd093b60e74e7fa53526aa5920d09eb#yq",
      "version": "3.1.1"
    },
    "zoxide@latest": {
      "last_modified": "2023-05-01T16:53:22Z",
      "resolved": "github:NixOS/nixpkgs/8670e496ffd093b60e74e7fa53526aa5920d09eb#zoxide",
      "version": "0.9.0"
    }
  }
}
